
Microsoft Visual Studio Solution File, Format Version 12.00
# Visual Studio Version 16
VisualStudioVersion = 16.0.30320.27
MinimumVisualStudioVersion = 10.0.40219.1
Project("{9A19103F-16F7-4668-BE54-9A1E7A4F7556}") = "SailingActors.Api", "SailingActors.Api\SailingActors.Api.csproj", "{D9215116-87D0-42C2-9421-029C1D4719E3}"
EndProject
Project("{9A19103F-16F7-4668-BE54-9A1E7A4F7556}") = "SailingActors.Shared", "SailingActors.Shared\SailingActors.Shared.csproj", "{25B2CFE0-6002-499E-9F8D-6025983A868D}"
EndProject
Project("{9A19103F-16F7-4668-BE54-9A1E7A4F7556}") = "SailingActors.Actors", "SailingActors.Actors\SailingActors.Actors.csproj", "{4E5A6ECD-DFB1-46BB-AF75-A3FCB41DA4C6}"
EndProject
Global
	GlobalSection(SolutionConfigurationPlatforms) = preSolution
		Debug|Any CPU = Debug|Any CPU
		Release|Any CPU = Release|Any CPU
	EndGlobalSection
	GlobalSection(ProjectConfigurationPlatforms) = postSolution
		{D9215116-87D0-42C2-9421-029C1D4719E3}.Debug|Any CPU.ActiveCfg = Debug|Any CPU
		{D9215116-87D0-42C2-9421-029C1D4719E3}.Debug|Any CPU.Build.0 = Debug|Any CPU
		{D9215116-87D0-42C2-9421-029C1D4719E3}.Release|Any CPU.ActiveCfg = Release|Any CPU
		{D9215116-87D0-42C2-9421-029C1D4719E3}.Release|Any CPU.Build.0 = Release|Any CPU
		{25B2CFE0-6002-499E-9F8D-6025983A868D}.Debug|Any CPU.ActiveCfg = Debug|Any CPU
		{25B2CFE0-6002-499E-9F8D-6025983A868D}.Debug|Any CPU.Build.0 = Debug|Any CPU
		{25B2CFE0-6002-499E-9F8D-6025983A868D}.Release|Any CPU.ActiveCfg = Release|Any CPU
		{25B2CFE0-6002-499E-9F8D-6025983A868D}.Release|Any CPU.Build.0 = Release|Any CPU
		{4E5A6ECD-DFB1-46BB-AF75-A3FCB41DA4C6}.Debug|Any CPU.ActiveCfg = Debug|Any CPU
		{4E5A6ECD-DFB1-46BB-AF75-A3FCB41DA4C6}.Debug|Any CPU.Build.0 = Debug|Any CPU
		{4E5A6ECD-DFB1-46BB-AF75-A3FCB41DA4C6}.Release|Any CPU.ActiveCfg = Release|Any CPU
		{4E5A6ECD-DFB1-46BB-AF75-A3FCB41DA4C6}.Release|Any CPU.Build.0 = Release|Any CPU
	EndGlobalSection
	GlobalSection(SolutionProperties) = preSolution
		HideSolutionNode = FALSE
	EndGlobalSection
	GlobalSection(ExtensibilityGlobals) = postSolution
		SolutionGuid = {68E442F2-0803-4A96-AD44-88D4D86D55BB}
	EndGlobalSection
EndGlobal
